
Microsoft Visual Studio Solution File, Format Version 12.00
# Visual Studio Version 16
VisualStudioVersion = 16.0.32106.194
MinimumVisualStudioVersion = 10.0.40219.1
Project("{FAE04EC0-301F-11D3-BF4B-00C04F79EFBC}") = "Semana4Ej1", "Semana4Ej1\Semana4Ej1.csproj", "{537CE2A4-62CF-44DD-9CD2-1BF403DF8139}"
EndProject
Project("{FAE04EC0-301F-11D3-BF4B-00C04F79EFBC}") = "Ejercicio2", "Ejercicio2\Ejercicio2.csproj", "{D11FC418-83EC-4943-A1A4-5F0BEACAF516}"
EndProject
Project("{FAE04EC0-301F-11D3-BF4B-00C04F79EFBC}") = "Ejercicio3", "Ejercicio3\Ejercicio3.csproj", "{D34DA96F-4B66-4ED2-91A2-DFE35D15A3CF}"
EndProject
Global
	GlobalSection(SolutionConfigurationPlatforms) = preSolution
		Debug|Any CPU = Debug|Any CPU
		Release|Any CPU = Release|Any CPU
	EndGlobalSection
	GlobalSection(ProjectConfigurationPlatforms) = postSolution
		{537CE2A4-62CF-44DD-9CD2-1BF403DF8139}.Debug|Any CPU.ActiveCfg = Debug|Any CPU
		{537CE2A4-62CF-44DD-9CD2-1BF403DF8139}.Debug|Any CPU.Build.0 = Debug|Any CPU
		{537CE2A4-62CF-44DD-9CD2-1BF403DF8139}.Release|Any CPU.ActiveCfg = Release|Any CPU
		{537CE2A4-62CF-44DD-9CD2-1BF403DF8139}.Release|Any CPU.Build.0 = Release|Any CPU
		{D11FC418-83EC-4943-A1A4-5F0BEACAF516}.Debug|Any CPU.ActiveCfg = Debug|Any CPU
		{D11FC418-83EC-4943-A1A4-5F0BEACAF516}.Debug|Any CPU.Build.0 = Debug|Any CPU
		{D11FC418-83EC-4943-A1A4-5F0BEACAF516}.Release|Any CPU.ActiveCfg = Release|Any CPU
		{D11FC418-83EC-4943-A1A4-5F0BEACAF516}.Release|Any CPU.Build.0 = Release|Any CPU
		{D34DA96F-4B66-4ED2-91A2-DFE35D15A3CF}.Debug|Any CPU.ActiveCfg = Debug|Any CPU
		{D34DA96F-4B66-4ED2-91A2-DFE35D15A3CF}.Debug|Any CPU.Build.0 = Debug|Any CPU
		{D34DA96F-4B66-4ED2-91A2-DFE35D15A3CF}.Release|Any CPU.ActiveCfg = Release|Any CPU
		{D34DA96F-4B66-4ED2-91A2-DFE35D15A3CF}.Release|Any CPU.Build.0 = Release|Any CPU
	EndGlobalSection
	GlobalSection(SolutionProperties) = preSolution
		HideSolutionNode = FALSE
	EndGlobalSection
	GlobalSection(ExtensibilityGlobals) = postSolution
		SolutionGuid = {EF8180C0-C7DE-411D-9991-705950B70AB6}
	EndGlobalSection
EndGlobal
